
Microsoft Visual Studio Solution File, Format Version 12.00
# Visual Studio Version 17
VisualStudioVersion = 17.13.35806.99 d17.13
MinimumVisualStudioVersion = 10.0.40219.1
Project("{FAE04EC0-301F-11D3-BF4B-00C04F79EFBC}") = "Robots", "Robots\Robots.csproj", "{AFB8FD19-BB76-B192-5C46-882151FAC223}"
EndProject
Project("{FAE04EC0-301F-11D3-BF4B-00C04F79EFBC}") = "Robots.Grasshopper", "Robots.Grasshopper\Robots.Grasshopper.csproj", "{184D058D-C6D9-B02E-EF88-286030A05FE8}"
EndProject
Global
	GlobalSection(SolutionConfigurationPlatforms) = preSolution
		Debug|Any CPU = Debug|Any CPU
		Release|Any CPU = Release|Any CPU
	EndGlobalSection
	GlobalSection(ProjectConfigurationPlatforms) = postSolution
		{AFB8FD19-BB76-B192-5C46-882151FAC223}.Debug|Any CPU.ActiveCfg = Debug|Any CPU
		{AFB8FD19-BB76-B192-5C46-882151FAC223}.Debug|Any CPU.Build.0 = Debug|Any CPU
		{AFB8FD19-BB76-B192-5C46-882151FAC223}.Release|Any CPU.ActiveCfg = Release|Any CPU
		{AFB8FD19-BB76-B192-5C46-882151FAC223}.Release|Any CPU.Build.0 = Release|Any CPU
		{184D058D-C6D9-B02E-EF88-286030A05FE8}.Debug|Any CPU.ActiveCfg = Debug|Any CPU
		{184D058D-C6D9-B02E-EF88-286030A05FE8}.Debug|Any CPU.Build.0 = Debug|Any CPU
		{184D058D-C6D9-B02E-EF88-286030A05FE8}.Release|Any CPU.ActiveCfg = Release|Any CPU
		{184D058D-C6D9-B02E-EF88-286030A05FE8}.Release|Any CPU.Build.0 = Release|Any CPU
	EndGlobalSection
	GlobalSection(SolutionProperties) = preSolution
		HideSolutionNode = FALSE
	EndGlobalSection
	GlobalSection(ExtensibilityGlobals) = postSolution
		SolutionGuid = {62DA0FE7-D62B-44D5-AAA1-8FE3B8B76DB7}
	EndGlobalSection
EndGlobal
